
Microsoft Visual Studio Solution File, Format Version 12.00
# Visual Studio Version 16
VisualStudioVersion = 16.0.30128.74
MinimumVisualStudioVersion = 15.0.26124.0
Project("{9A19103F-16F7-4668-BE54-9A1E7A4F7556}") = "Web", "Web\Web.csproj", "{0404D7F3-A753-4821-8BEE-DF8C477D2C05}"
EndProject
Global
	GlobalSection(SolutionConfigurationPlatforms) = preSolution
		Debug|Any CPU = Debug|Any CPU
		Debug|x64 = Debug|x64
		Debug|x86 = Debug|x86
		Release|Any CPU = Release|Any CPU
		Release|x64 = Release|x64
		Release|x86 = Release|x86
	EndGlobalSection
	GlobalSection(ProjectConfigurationPlatforms) = postSolution
		{0404D7F3-A753-4821-8BEE-DF8C477D2C05}.Debug|Any CPU.ActiveCfg = Debug|Any CPU
		{0404D7F3-A753-4821-8BEE-DF8C477D2C05}.Debug|Any CPU.Build.0 = Debug|Any CPU
		{0404D7F3-A753-4821-8BEE-DF8C477D2C05}.Debug|x64.ActiveCfg = Debug|Any CPU
		{0404D7F3-A753-4821-8BEE-DF8C477D2C05}.Debug|x64.Build.0 = Debug|Any CPU
		{0404D7F3-A753-4821-8BEE-DF8C477D2C05}.Debug|x86.ActiveCfg = Debug|Any CPU
		{0404D7F3-A753-4821-8BEE-DF8C477D2C05}.Debug|x86.Build.0 = Debug|Any CPU
		{0404D7F3-A753-4821-8BEE-DF8C477D2C05}.Release|Any CPU.ActiveCfg = Release|Any CPU
		{0404D7F3-A753-4821-8BEE-DF8C477D2C05}.Release|Any CPU.Build.0 = Release|Any CPU
		{0404D7F3-A753-4821-8BEE-DF8C477D2C05}.Release|x64.ActiveCfg = Release|Any CPU
		{0404D7F3-A753-4821-8BEE-DF8C477D2C05}.Release|x64.Build.0 = Release|Any CPU
		{0404D7F3-A753-4821-8BEE-DF8C477D2C05}.Release|x86.ActiveCfg = Release|Any CPU
		{0404D7F3-A753-4821-8BEE-DF8C477D2C05}.Release|x86.Build.0 = Release|Any CPU
	EndGlobalSection
	GlobalSection(SolutionProperties) = preSolution
		HideSolutionNode = FALSE
	EndGlobalSection
	GlobalSection(ExtensibilityGlobals) = postSolution
		SolutionGuid = {80F73572-E2BA-45F9-8759-C266DBFB81CD}
	EndGlobalSection
EndGlobal
